{
  "originHash" : "8f95b4586f592e8a0323b4d6f3c5997cb7af669dca2757dd72657c246e60dde3",
  "pins" : [
    {
      "identity" : "carekit",
      "kind" : "remoteSourceControl",
      "location" : "https://github.com/carekit-apple/CareKit.git",
      "state" : {
        "revision" : "348a5efbd10cb79d92c760c8023156015558b06b",
        "version" : "4.1.0"
      }
    },
    {
      "identity" : "fhirmodels",
      "kind" : "remoteSourceControl",
      "location" : "https://github.com/apple/FHIRModels.git",
      "state" : {
        "revision" : "3fdead0f6459d7d3480d12c514ae27da31974a41",
        "version" : "0.9.3"
      }
    },
    {
      "identity" : "swift-async-algorithms",
      "kind" : "remoteSourceControl",
      "location" : "https://github.com/apple/swift-async-algorithms",
      "state" : {
        "revision" : "3da39bbc4e687d4192af7c9cf4eab805745a0b9c",
        "version" : "1.1.5"
      }
    },
    {
      "identity" : "swift-collections",
      "kind" : "remoteSourceControl",
      "location" : "https://github.com/apple/swift-collections.git",
      "state" : {
        "revision" : "a0cb0954ecb21e4e31b0070e6ed5674e8556685a",
        "version" : "1.6.0"
      }
    }
  ],
  "version" : 3
}
